
Microsoft Visual Studio Solution File, Format Version 12.00
# Visual Studio Version 16
VisualStudioVersion = 16.0.31321.278
MinimumVisualStudioVersion = 10.0.40219.1
Project("{9A19103F-16F7-4668-BE54-9A1E7A4F7556}") = "Dominio", "Dominio\Dominio.csproj", "{90588AD9-B45D-4A9B-BB1C-098BC165FD88}"
EndProject
Project("{2150E333-8FDC-42A3-9474-1A3956D46DE8}") = "src", "src", "{536E2352-5380-46A3-B83A-C4C3EEE85680}"
EndProject
Project("{2150E333-8FDC-42A3-9474-1A3956D46DE8}") = "test", "test", "{22166A9E-A51D-43C2-AE8F-AD19CA06E7CE}"
EndProject
Project("{2150E333-8FDC-42A3-9474-1A3956D46DE8}") = "db", "db", "{3335B526-3BAF-42E8-A517-68B23E15ADB5}"
EndProject
Project("{00D1A9C2-B5F0-4AF3-8072-F6C62B433612}") = "Database", "Database\Database.sqlproj", "{E9C54F1B-1B46-44A4-A2F6-459E63760B16}"
EndProject
Project("{9A19103F-16F7-4668-BE54-9A1E7A4F7556}") = "WindowsApp", "WindowsApp\WindowsApp.csproj", "{09145CF3-3B58-4334-AD7D-7A95A6F618AA}"
EndProject
Project("{2150E333-8FDC-42A3-9474-1A3956D46DE8}") = "4.0 Extensions", "4.0 Extensions", "{9EEE2F75-AD20-4C68-99B7-5584F29A2922}"
EndProject
Project("{9A19103F-16F7-4668-BE54-9A1E7A4F7556}") = "IntegrationTests", "IntegrationTests\IntegrationTests.csproj", "{6B53BD26-3478-4174-BF45-5AF95861B96A}"
EndProject
Project("{2150E333-8FDC-42A3-9474-1A3956D46DE8}") = "1. Apresentação", "1. Apresentação", "{0574B971-26E1-4880-9FC5-48B9131E09E0}"
EndProject
Project("{2150E333-8FDC-42A3-9474-1A3956D46DE8}") = "2. Aplicação", "2. Aplicação", "{31885A5B-388F-4837-80EF-9D263B852206}"
EndProject
Project("{2150E333-8FDC-42A3-9474-1A3956D46DE8}") = "3. Domínio", "3. Domínio", "{C67A1F19-0135-4EBE-B443-7D4BBEC12672}"
EndProject
Project("{2150E333-8FDC-42A3-9474-1A3956D46DE8}") = "4. Infra", "4. Infra", "{1F1E710C-06BC-499A-AABB-FE3B70B8E1A2}"
EndProject
Project("{2150E333-8FDC-42A3-9474-1A3956D46DE8}") = "4.1 DAO", "4.1 DAO", "{B89053E0-9331-4884-B638-750E0A1F1565}"
EndProject
Project("{2150E333-8FDC-42A3-9474-1A3956D46DE8}") = "4.2 External Services", "4.2 External Services", "{AA481B7F-2D41-4FE9-96B6-58E92A8546BD}"
EndProject
Project("{2150E333-8FDC-42A3-9474-1A3956D46DE8}") = "4.3 PDF", "4.3 PDF", "{106599A7-24FD-4879-B46C-F99AE6BABF9A}"
EndProject
Project("{9A19103F-16F7-4668-BE54-9A1E7A4F7556}") = "Infra.GeraPDF", "Infra.ES.GeraPDF\Infra.GeraPDF.csproj", "{736D329B-75E9-45B2-AE33-D66E6B29676D}"
EndProject
Project("{9A19103F-16F7-4668-BE54-9A1E7A4F7556}") = "Infra.DAO.SQL", "Infra.DAO.SQL\Infra.DAO.SQL.csproj", "{AFE15672-EEAE-466E-B92D-1FDF9147B846}"
EndProject
Project("{9A19103F-16F7-4668-BE54-9A1E7A4F7556}") = "UnitTests", "UnitTests\UnitTests.csproj", "{CD0CBCFB-86FF-44C9-BECD-2B4FE14394F0}"
EndProject
Project("{9A19103F-16F7-4668-BE54-9A1E7A4F7556}") = "Infra.ES.EnvioEmail", "Infra.ES.EnvioEmail\Infra.ES.EnvioEmail.csproj", "{55BA3CB2-EBEA-4DE8-9A86-788E836DD17E}"
EndProject
Project("{9A19103F-16F7-4668-BE54-9A1E7A4F7556}") = "Infra.Extensions.Methods", "Infra.Extensions.Methods\Infra.Extensions.Methods.csproj", "{6506DAE8-CD24-4E85-AC68-11F2440AA323}"
EndProject
Project("{9A19103F-16F7-4668-BE54-9A1E7A4F7556}") = "Infra.ConfigurationManager", "Infra.ConfigurationManager\Infra.ConfigurationManager.csproj", "{739DB4D8-44EC-4A29-B18A-EEC5E34377A1}"
EndProject
Project("{9A19103F-16F7-4668-BE54-9A1E7A4F7556}") = "Aplicacao", "Aplicacao\Aplicacao.csproj", "{54921D9E-3B5F-4132-89D2-3A550899BD20}"
EndProject
Project("{9A19103F-16F7-4668-BE54-9A1E7A4F7556}") = "Infra.DAO.ORM", "Infra.DAO.ORM\Infra.DAO.ORM.csproj", "{83F2A2A4-B827-4F42-A2CC-DEEA68F8C335}"
EndProject
Project("{2150E333-8FDC-42A3-9474-1A3956D46DE8}") = "4.4 Logger", "4.4 Logger", "{CB606625-637A-4E46-A05D-B76BF32830C5}"
EndProject
Project("{FAE04EC0-301F-11D3-BF4B-00C04F79EFBC}") = "Infra.Logger", "Infra.Logger\Infra.Logger.csproj", "{532AA329-3027-4AC5-83B9-201318ACCB47}"
EndProject
Global
	GlobalSection(SolutionConfigurationPlatforms) = preSolution
		Debug|Any CPU = Debug|Any CPU
		Release|Any CPU = Release|Any CPU
	EndGlobalSection
	GlobalSection(ProjectConfigurationPlatforms) = postSolution
		{90588AD9-B45D-4A9B-BB1C-098BC165FD88}.Debug|Any CPU.ActiveCfg = Debug|Any CPU
		{90588AD9-B45D-4A9B-BB1C-098BC165FD88}.Debug|Any CPU.Build.0 = Debug|Any CPU
		{90588AD9-B45D-4A9B-BB1C-098BC165FD88}.Release|Any CPU.ActiveCfg = Release|Any CPU
		{90588AD9-B45D-4A9B-BB1C-098BC165FD88}.Release|Any CPU.Build.0 = Release|Any CPU
		{E9C54F1B-1B46-44A4-A2F6-459E63760B16}.Debug|Any CPU.ActiveCfg = Debug|Any CPU
		{E9C54F1B-1B46-44A4-A2F6-459E63760B16}.Debug|Any CPU.Build.0 = Debug|Any CPU
		{E9C54F1B-1B46-44A4-A2F6-459E63760B16}.Debug|Any CPU.Deploy.0 = Debug|Any CPU
		{E9C54F1B-1B46-44A4-A2F6-459E63760B16}.Release|Any CPU.ActiveCfg = Release|Any CPU
		{E9C54F1B-1B46-44A4-A2F6-459E63760B16}.Release|Any CPU.Build.0 = Release|Any CPU
		{E9C54F1B-1B46-44A4-A2F6-459E63760B16}.Release|Any CPU.Deploy.0 = Release|Any CPU
		{09145CF3-3B58-4334-AD7D-7A95A6F618AA}.Debug|Any CPU.ActiveCfg = Debug|Any CPU
		{09145CF3-3B58-4334-AD7D-7A95A6F618AA}.Debug|Any CPU.Build.0 = Debug|Any CPU
		{09145CF3-3B58-4334-AD7D-7A95A6F618AA}.Release|Any CPU.ActiveCfg = Release|Any CPU
		{09145CF3-3B58-4334-AD7D-7A95A6F618AA}.Release|Any CPU.Build.0 = Release|Any CPU
		{6B53BD26-3478-4174-BF45-5AF95861B96A}.Debug|Any CPU.ActiveCfg = Debug|Any CPU
		{6B53BD26-3478-4174-BF45-5AF95861B96A}.Debug|Any CPU.Build.0 = Debug|Any CPU
		{6B53BD26-3478-4174-BF45-5AF95861B96A}.Release|Any CPU.ActiveCfg = Release|Any CPU
		{6B53BD26-3478-4174-BF45-5AF95861B96A}.Release|Any CPU.Build.0 = Release|Any CPU
		{736D329B-75E9-45B2-AE33-D66E6B29676D}.Debug|Any CPU.ActiveCfg = Debug|Any CPU
		{736D329B-75E9-45B2-AE33-D66E6B29676D}.Debug|Any CPU.Build.0 = Debug|Any CPU
		{736D329B-75E9-45B2-AE33-D66E6B29676D}.Release|Any CPU.ActiveCfg = Release|Any CPU
		{736D329B-75E9-45B2-AE33-D66E6B29676D}.Release|Any CPU.Build.0 = Release|Any CPU
		{AFE15672-EEAE-466E-B92D-1FDF9147B846}.Debug|Any CPU.ActiveCfg = Debug|Any CPU
		{AFE15672-EEAE-466E-B92D-1FDF9147B846}.Debug|Any CPU.Build.0 = Debug|Any CPU
		{AFE15672-EEAE-466E-B92D-1FDF9147B846}.Release|Any CPU.ActiveCfg = Release|Any CPU
		{AFE15672-EEAE-466E-B92D-1FDF9147B846}.Release|Any CPU.Build.0 = Release|Any CPU
		{CD0CBCFB-86FF-44C9-BECD-2B4FE14394F0}.Debug|Any CPU.ActiveCfg = Debug|Any CPU
		{CD0CBCFB-86FF-44C9-BECD-2B4FE14394F0}.Debug|Any CPU.Build.0 = Debug|Any CPU
		{CD0CBCFB-86FF-44C9-BECD-2B4FE14394F0}.Release|Any CPU.ActiveCfg = Release|Any CPU
		{CD0CBCFB-86FF-44C9-BECD-2B4FE14394F0}.Release|Any CPU.Build.0 = Release|Any CPU
		{55BA3CB2-EBEA-4DE8-9A86-788E836DD17E}.Debug|Any CPU.ActiveCfg = Debug|Any CPU
		{55BA3CB2-EBEA-4DE8-9A86-788E836DD17E}.Debug|Any CPU.Build.0 = Debug|Any CPU
		{55BA3CB2-EBEA-4DE8-9A86-788E836DD17E}.Release|Any CPU.ActiveCfg = Release|Any CPU
		{55BA3CB2-EBEA-4DE8-9A86-788E836DD17E}.Release|Any CPU.Build.0 = Release|Any CPU
		{6506DAE8-CD24-4E85-AC68-11F2440AA323}.Debug|Any CPU.ActiveCfg = Debug|Any CPU
		{6506DAE8-CD24-4E85-AC68-11F2440AA323}.Debug|Any CPU.Build.0 = Debug|Any CPU
		{6506DAE8-CD24-4E85-AC68-11F2440AA323}.Release|Any CPU.ActiveCfg = Release|Any CPU
		{6506DAE8-CD24-4E85-AC68-11F2440AA323}.Release|Any CPU.Build.0 = Release|Any CPU
		{739DB4D8-44EC-4A29-B18A-EEC5E34377A1}.Debug|Any CPU.ActiveCfg = Debug|Any CPU
		{739DB4D8-44EC-4A29-B18A-EEC5E34377A1}.Debug|Any CPU.Build.0 = Debug|Any CPU
		{739DB4D8-44EC-4A29-B18A-EEC5E34377A1}.Release|Any CPU.ActiveCfg = Release|Any CPU
		{739DB4D8-44EC-4A29-B18A-EEC5E34377A1}.Release|Any CPU.Build.0 = Release|Any CPU
		{54921D9E-3B5F-4132-89D2-3A550899BD20}.Debug|Any CPU.ActiveCfg = Debug|Any CPU
		{54921D9E-3B5F-4132-89D2-3A550899BD20}.Debug|Any CPU.Build.0 = Debug|Any CPU
		{54921D9E-3B5F-4132-89D2-3A550899BD20}.Release|Any CPU.ActiveCfg = Release|Any CPU
		{54921D9E-3B5F-4132-89D2-3A550899BD20}.Release|Any CPU.Build.0 = Release|Any CPU
		{83F2A2A4-B827-4F42-A2CC-DEEA68F8C335}.Debug|Any CPU.ActiveCfg = Debug|Any CPU
		{83F2A2A4-B827-4F42-A2CC-DEEA68F8C335}.Debug|Any CPU.Build.0 = Debug|Any CPU
		{83F2A2A4-B827-4F42-A2CC-DEEA68F8C335}.Release|Any CPU.ActiveCfg = Release|Any CPU
		{83F2A2A4-B827-4F42-A2CC-DEEA68F8C335}.Release|Any CPU.Build.0 = Release|Any CPU
		{532AA329-3027-4AC5-83B9-201318ACCB47}.Debug|Any CPU.ActiveCfg = Debug|Any CPU
		{532AA329-3027-4AC5-83B9-201318ACCB47}.Debug|Any CPU.Build.0 = Debug|Any CPU
		{532AA329-3027-4AC5-83B9-201318ACCB47}.Release|Any CPU.ActiveCfg = Release|Any CPU
		{532AA329-3027-4AC5-83B9-201318ACCB47}.Release|Any CPU.Build.0 = Release|Any CPU
	EndGlobalSection
	GlobalSection(SolutionProperties) = preSolution
		HideSolutionNode = FALSE
	EndGlobalSection
	GlobalSection(NestedProjects) = preSolution
		{90588AD9-B45D-4A9B-BB1C-098BC165FD88} = {C67A1F19-0135-4EBE-B443-7D4BBEC12672}
		{E9C54F1B-1B46-44A4-A2F6-459E63760B16} = {3335B526-3BAF-42E8-A517-68B23E15ADB5}
		{09145CF3-3B58-4334-AD7D-7A95A6F618AA} = {0574B971-26E1-4880-9FC5-48B9131E09E0}
		{9EEE2F75-AD20-4C68-99B7-5584F29A2922} = {1F1E710C-06BC-499A-AABB-FE3B70B8E1A2}
		{6B53BD26-3478-4174-BF45-5AF95861B96A} = {22166A9E-A51D-43C2-AE8F-AD19CA06E7CE}
		{0574B971-26E1-4880-9FC5-48B9131E09E0} = {536E2352-5380-46A3-B83A-C4C3EEE85680}
		{31885A5B-388F-4837-80EF-9D263B852206} = {536E2352-5380-46A3-B83A-C4C3EEE85680}
		{C67A1F19-0135-4EBE-B443-7D4BBEC12672} = {536E2352-5380-46A3-B83A-C4C3EEE85680}
		{1F1E710C-06BC-499A-AABB-FE3B70B8E1A2} = {536E2352-5380-46A3-B83A-C4C3EEE85680}
		{B89053E0-9331-4884-B638-750E0A1F1565} = {1F1E710C-06BC-499A-AABB-FE3B70B8E1A2}
		{AA481B7F-2D41-4FE9-96B6-58E92A8546BD} = {1F1E710C-06BC-499A-AABB-FE3B70B8E1A2}
		{106599A7-24FD-4879-B46C-F99AE6BABF9A} = {1F1E710C-06BC-499A-AABB-FE3B70B8E1A2}
		{736D329B-75E9-45B2-AE33-D66E6B29676D} = {106599A7-24FD-4879-B46C-F99AE6BABF9A}
		{AFE15672-EEAE-466E-B92D-1FDF9147B846} = {B89053E0-9331-4884-B638-750E0A1F1565}
		{CD0CBCFB-86FF-44C9-BECD-2B4FE14394F0} = {22166A9E-A51D-43C2-AE8F-AD19CA06E7CE}
		{55BA3CB2-EBEA-4DE8-9A86-788E836DD17E} = {AA481B7F-2D41-4FE9-96B6-58E92A8546BD}
		{6506DAE8-CD24-4E85-AC68-11F2440AA323} = {9EEE2F75-AD20-4C68-99B7-5584F29A2922}
		{739DB4D8-44EC-4A29-B18A-EEC5E34377A1} = {1F1E710C-06BC-499A-AABB-FE3B70B8E1A2}
		{54921D9E-3B5F-4132-89D2-3A550899BD20} = {31885A5B-388F-4837-80EF-9D263B852206}
		{83F2A2A4-B827-4F42-A2CC-DEEA68F8C335} = {B89053E0-9331-4884-B638-750E0A1F1565}
		{CB606625-637A-4E46-A05D-B76BF32830C5} = {1F1E710C-06BC-499A-AABB-FE3B70B8E1A2}
		{532AA329-3027-4AC5-83B9-201318ACCB47} = {CB606625-637A-4E46-A05D-B76BF32830C5}
	EndGlobalSection
	GlobalSection(ExtensibilityGlobals) = postSolution
		SolutionGuid = {588C9984-282F-4230-84B2-CF78AFC64778}
	EndGlobalSection
EndGlobal
